
Microsoft Visual Studio Solution File, Format Version 12.00
# Visual Studio Version 17
VisualStudioVersion = 17.7.34031.279
MinimumVisualStudioVersion = 10.0.40219.1
Project("{9A19103F-16F7-4668-BE54-9A1E7A4F7556}") = "ConsoleAppTestILovePDF", "ConsoleAppTestTGithubActions\ConsoleAppTestILovePDF.csproj", "{6A24C92A-479E-4718-A4BE-2415DFF69FEF}"
EndProject
Global
	GlobalSection(SolutionConfigurationPlatforms) = preSolution
		Debug|Any CPU = Debug|Any CPU
		Release|Any CPU = Release|Any CPU
	EndGlobalSection
	GlobalSection(ProjectConfigurationPlatforms) = postSolution
		{6A24C92A-479E-4718-A4BE-2415DFF69FEF}.Debug|Any CPU.ActiveCfg = Debug|Any CPU
		{6A24C92A-479E-4718-A4BE-2415DFF69FEF}.Debug|Any CPU.Build.0 = Debug|Any CPU
		{6A24C92A-479E-4718-A4BE-2415DFF69FEF}.Release|Any CPU.ActiveCfg = Release|Any CPU
		{6A24C92A-479E-4718-A4BE-2415DFF69FEF}.Release|Any CPU.Build.0 = Release|Any CPU
	EndGlobalSection
	GlobalSection(SolutionProperties) = preSolution
		HideSolutionNode = FALSE
	EndGlobalSection
	GlobalSection(ExtensibilityGlobals) = postSolution
		SolutionGuid = {C5E9B350-9329-42D4-8E63-D8AF71ECDCD8}
	EndGlobalSection
EndGlobal
